
Microsoft Visual Studio Solution File, Format Version 12.00
# Visual Studio Version 16
VisualStudioVersion = 16.0.29411.108
MinimumVisualStudioVersion = 10.0.40219.1
Project("{9A19103F-16F7-4668-BE54-9A1E7A4F7556}") = "suvlasnici", "suvlasnici.csproj", "{C63E34CA-2841-44B8-9F7C-558D58BF334A}"
EndProject
Global
	GlobalSection(SolutionConfigurationPlatforms) = preSolution
		Debug|Any CPU = Debug|Any CPU
		Release|Any CPU = Release|Any CPU
	EndGlobalSection
	GlobalSection(ProjectConfigurationPlatforms) = postSolution
		{C63E34CA-2841-44B8-9F7C-558D58BF334A}.Debug|Any CPU.ActiveCfg = Debug|Any CPU
		{C63E34CA-2841-44B8-9F7C-558D58BF334A}.Debug|Any CPU.Build.0 = Debug|Any CPU
		{C63E34CA-2841-44B8-9F7C-558D58BF334A}.Release|Any CPU.ActiveCfg = Release|Any CPU
		{C63E34CA-2841-44B8-9F7C-558D58BF334A}.Release|Any CPU.Build.0 = Release|Any CPU
	EndGlobalSection
	GlobalSection(SolutionProperties) = preSolution
		HideSolutionNode = FALSE
	EndGlobalSection
	GlobalSection(ExtensibilityGlobals) = postSolution
		SolutionGuid = {C2C6A584-B9CE-40E7-8A61-05E3D1BFA3E5}
	EndGlobalSection
EndGlobal
